
Microsoft Visual Studio Solution File, Format Version 12.00
# Visual Studio Version 17
VisualStudioVersion = 17.8.34322.80
MinimumVisualStudioVersion = 10.0.40219.1
Project("{9A19103F-16F7-4668-BE54-9A1E7A4F7556}") = "PayExpert", "PayExpert.csproj", "{3109960A-52E4-4DA5-9C36-A09B30B443BC}"
EndProject
Project("{FAE04EC0-301F-11D3-BF4B-00C04F79EFBC}") = "PayXpert.Test", "..\PayXpert.Test\PayXpert.Test.csproj", "{ED3B1FD1-AC2A-468B-9CA7-11ACC1FD0E2C}"
EndProject
Global
	GlobalSection(SolutionConfigurationPlatforms) = preSolution
		Debug|Any CPU = Debug|Any CPU
		Release|Any CPU = Release|Any CPU
	EndGlobalSection
	GlobalSection(ProjectConfigurationPlatforms) = postSolution
		{3109960A-52E4-4DA5-9C36-A09B30B443BC}.Debug|Any CPU.ActiveCfg = Debug|Any CPU
		{3109960A-52E4-4DA5-9C36-A09B30B443BC}.Debug|Any CPU.Build.0 = Debug|Any CPU
		{3109960A-52E4-4DA5-9C36-A09B30B443BC}.Release|Any CPU.ActiveCfg = Release|Any CPU
		{3109960A-52E4-4DA5-9C36-A09B30B443BC}.Release|Any CPU.Build.0 = Release|Any CPU
		{ED3B1FD1-AC2A-468B-9CA7-11ACC1FD0E2C}.Debug|Any CPU.ActiveCfg = Debug|Any CPU
		{ED3B1FD1-AC2A-468B-9CA7-11ACC1FD0E2C}.Debug|Any CPU.Build.0 = Debug|Any CPU
		{ED3B1FD1-AC2A-468B-9CA7-11ACC1FD0E2C}.Release|Any CPU.ActiveCfg = Release|Any CPU
		{ED3B1FD1-AC2A-468B-9CA7-11ACC1FD0E2C}.Release|Any CPU.Build.0 = Release|Any CPU
	EndGlobalSection
	GlobalSection(SolutionProperties) = preSolution
		HideSolutionNode = FALSE
	EndGlobalSection
	GlobalSection(ExtensibilityGlobals) = postSolution
		SolutionGuid = {D5F823FE-CE1D-4FFB-B5D1-D0120463D95F}
	EndGlobalSection
EndGlobal
